
Microsoft Visual Studio Solution File, Format Version 12.00
# Visual Studio Version 16
VisualStudioVersion = 16.0.28803.452
MinimumVisualStudioVersion = 10.0.40219.1
Project("{FAE04EC0-301F-11D3-BF4B-00C04F79EFBC}") = "WinGitHub3", "WinGitHub3\WinGitHub3.csproj", "{FC9E3D48-748B-42EE-9F68-7557E342CEE8}"
EndProject
Global
	GlobalSection(SolutionConfigurationPlatforms) = preSolution
		Debug|Any CPU = Debug|Any CPU
		Release|Any CPU = Release|Any CPU
	EndGlobalSection
	GlobalSection(ProjectConfigurationPlatforms) = postSolution
		{FC9E3D48-748B-42EE-9F68-7557E342CEE8}.Debug|Any CPU.ActiveCfg = Debug|Any CPU
		{FC9E3D48-748B-42EE-9F68-7557E342CEE8}.Debug|Any CPU.Build.0 = Debug|Any CPU
		{FC9E3D48-748B-42EE-9F68-7557E342CEE8}.Release|Any CPU.ActiveCfg = Release|Any CPU
		{FC9E3D48-748B-42EE-9F68-7557E342CEE8}.Release|Any CPU.Build.0 = Release|Any CPU
	EndGlobalSection
	GlobalSection(SolutionProperties) = preSolution
		HideSolutionNode = FALSE
	EndGlobalSection
	GlobalSection(ExtensibilityGlobals) = postSolution
		SolutionGuid = {9F17F785-ACDC-402B-B976-692C58C228E4}
	EndGlobalSection
EndGlobal
